{
  "name": "nearbytes-skeleton",
  "version": "0.1.0",
  "lockfileVersion": 3,
  "requires": true,
  "packages": {
    "": {
      "name": "nearbytes-skeleton",
      "version": "0.1.0",
      "license": "MIT",
      "dependencies": {
        "nearbytes-crypto": "nearbytes/nearbytes-crypto#main",
        "nearbytes-log": "file:../nearbytes-log"
      },
      "devDependencies": {
        "@types/node": "^20.10.0",
        "typescript": "^5.3.2"
      },
      "engines": {
        "node": ">=18.0.0"
      }
    },
    "../nearbytes-log": {
      "version": "0.1.0",
      "license": "MIT",
      "dependencies": {
        "nearbytes-crypto": "nearbytes/nearbytes-crypto#main"
      },
      "devDependencies": {
        "@types/node": "^20.10.0",
        "typescript": "^5.3.2"
      },
      "engines": {
        "node": ">=18.0.0"
      }
    },
    "node_modules/@noble/curves": {
      "version": "1.9.7",
      "license": "MIT",
      "dependencies": {
        "@noble/hashes": "1.8.0"
      },
      "engines": {
        "node": "^14.21.3 || >=16"
      },
      "funding": {
        "url": "https://paulmillr.com/funding/"
      }
    },
    "node_modules/@noble/hashes": {
      "version": "1.8.0",
      "license": "MIT",
      "engines": {
        "node": "^14.21.3 || >=16"
      },
      "funding": {
        "url": "https://paulmillr.com/funding/"
      }
    },
    "node_modules/@types/node": {
      "version": "20.19.41",
      "dev": true,
      "license": "MIT",
      "dependencies": {
        "undici-types": "~6.21.0"
      }
    },
    "node_modules/nearbytes-crypto": {
      "version": "0.1.0",
      "resolved": "git+ssh://git@github.com/nearbytes/nearbytes-crypto.git#f462124d0671735b31f81a1f765a7f0a492223a5",
      "license": "MIT",
      "dependencies": {
        "@noble/curves": "^1.9.7"
      },
      "engines": {
        "node": ">=18.0.0"
      }
    },
    "node_modules/nearbytes-log": {
      "resolved": "../nearbytes-log",
      "link": true
    },
    "node_modules/typescript": {
      "version": "5.9.3",
      "dev": true,
      "license": "Apache-2.0",
      "bin": {
        "tsc": "bin/tsc",
        "tsserver": "bin/tsserver"
      },
      "engines": {
        "node": ">=14.17"
      }
    },
    "node_modules/undici-types": {
      "version": "6.21.0",
      "dev": true,
      "license": "MIT"
    }
  }
}
