# This file is generated by running "yarn install" inside your project.
# Manual changes might be lost - proceed with caution!

__metadata:
  version: 8
  cacheKey: 10c0

"@noble/curves@npm:^1.9.7":
  version: 1.9.7
  resolution: "@noble/curves@npm:1.9.7"
  dependencies:
    "@noble/hashes": "npm:1.8.0"
  checksum: 10c0/150014751ebe8ca06a8654ca2525108452ea9ee0be23430332769f06808cddabfe84f248b6dbf836916bc869c27c2092957eec62c7506d68a1ed0a624017c2a3
  languageName: node
  linkType: hard

"@noble/hashes@npm:1.8.0":
  version: 1.8.0
  resolution: "@noble/hashes@npm:1.8.0"
  checksum: 10c0/06a0b52c81a6fa7f04d67762e08b2c476a00285858150caeaaff4037356dd5e119f45b2a530f638b77a5eeca013168ec1b655db41bae3236cb2e9d511484fc77
  languageName: node
  linkType: hard

"@types/node@npm:^20.10.0":
  version: 20.19.41
  resolution: "@types/node@npm:20.19.41"
  dependencies:
    undici-types: "npm:~6.21.0"
  checksum: 10c0/aa2a07317bbd700bea68d5784b403a738dbcebadbe2d8ef05649f7953065120d5d37f7edfdd7881df3a3bd15328c8a4dc46fdd69732ab540d552c505378c585b
  languageName: node
  linkType: hard

"commander@npm:^12.0.0":
  version: 12.1.0
  resolution: "commander@npm:12.1.0"
  checksum: 10c0/6e1996680c083b3b897bfc1cfe1c58dfbcd9842fd43e1aaf8a795fbc237f65efcc860a3ef457b318e73f29a4f4a28f6403c3d653d021d960e4632dd45bde54a9
  languageName: node
  linkType: hard

"nearbytes-crypto@nearbytes/nearbytes-crypto#main":
  version: 0.1.0
  resolution: "nearbytes-crypto@https://github.com/nearbytes/nearbytes-crypto.git#commit=a95dcf96ee257cee855d0a8ed1d694dab070fc9d"
  dependencies:
    "@noble/curves": "npm:^1.9.7"
  checksum: 10c0/4e30de4f8f48648aa5ffcbc05e76e2b986357655495eebb0b3d9b3382a0e026b6126aca8c2ca8dbbe52611f4a7f618176fba699aa021e88267766a0ef7fdc052
  languageName: node
  linkType: hard

"nearbytes-files@nearbytes/nearbytes-files#main":
  version: 0.1.0
  resolution: "nearbytes-files@https://github.com/nearbytes/nearbytes-files.git#commit=d639747aebc4ed3808b5cb045007707075a0303a"
  dependencies:
    nearbytes-crypto: "nearbytes/nearbytes-crypto#main"
    nearbytes-log: "nearbytes/nearbytes-log#main"
    nearbytes-storage: "nearbytes/nearbytes-storage#main"
  checksum: 10c0/92222d804931834e2371483ec2e4c010a0f0bc17593daf1b47892f2f652fd589f96074262c15e7e95c1e1e914659dcd8904cbed25300839e3045f240829a97c2
  languageName: node
  linkType: hard

"nearbytes-log@nearbytes/nearbytes-log#main":
  version: 0.1.0
  resolution: "nearbytes-log@https://github.com/nearbytes/nearbytes-log.git#commit=18e11bb827b773c04070a626e7e96c487cefb815"
  dependencies:
    nearbytes-crypto: "nearbytes/nearbytes-crypto#main"
    nearbytes-storage: "nearbytes/nearbytes-storage#main"
  checksum: 10c0/049f93c925d4c9db06f01408c257d426fda1736c6e5b1ef45c9bb86a73b78b82ee80ceac2d64a10d8e0e3498a510c2a40df7431e5be6eaa4b92156df071e88a6
  languageName: node
  linkType: hard

"nearbytes-skeleton@workspace:.":
  version: 0.0.0-use.local
  resolution: "nearbytes-skeleton@workspace:."
  dependencies:
    "@types/node": "npm:^20.10.0"
    commander: "npm:^12.0.0"
    nearbytes-crypto: "nearbytes/nearbytes-crypto#main"
    nearbytes-files: "nearbytes/nearbytes-files#main"
    nearbytes-log: "nearbytes/nearbytes-log#main"
    nearbytes-storage: "nearbytes/nearbytes-storage#main"
    typescript: "npm:^5.3.2"
  bin:
    nbf: dist/cli/index.js
  languageName: unknown
  linkType: soft

"nearbytes-storage@nearbytes/nearbytes-storage#main":
  version: 0.1.0
  resolution: "nearbytes-storage@https://github.com/nearbytes/nearbytes-storage.git#commit=e2ad420df5310e388f8bd4f105486cb98983f237"
  dependencies:
    nearbytes-crypto: "nearbytes/nearbytes-crypto#main"
  checksum: 10c0/35dbb728389793770bac9bd4d0cb2c6805601db0101b6e22e8ab01f5b92703959268d1ec51379fbfe8698dcd57b277862e6ded6be97987a0285091128cca8dc3
  languageName: node
  linkType: hard

"typescript@npm:^5.3.2":
  version: 5.9.3
  resolution: "typescript@npm:5.9.3"
  bin:
    tsc: bin/tsc
    tsserver: bin/tsserver
  checksum: 10c0/6bd7552ce39f97e711db5aa048f6f9995b53f1c52f7d8667c1abdc1700c68a76a308f579cd309ce6b53646deb4e9a1be7c813a93baaf0a28ccd536a30270e1c5
  languageName: node
  linkType: hard

"typescript@patch:typescript@npm%3A^5.3.2#optional!builtin<compat/typescript>":
  version: 5.9.3
  resolution: "typescript@patch:typescript@npm%3A5.9.3#optional!builtin<compat/typescript>::version=5.9.3&hash=5786d5"
  bin:
    tsc: bin/tsc
    tsserver: bin/tsserver
  checksum: 10c0/ad09fdf7a756814dce65bc60c1657b40d44451346858eea230e10f2e95a289d9183b6e32e5c11e95acc0ccc214b4f36289dcad4bf1886b0adb84d711d336a430
  languageName: node
  linkType: hard

"undici-types@npm:~6.21.0":
  version: 6.21.0
  resolution: "undici-types@npm:6.21.0"
  checksum: 10c0/c01ed51829b10aa72fc3ce64b747f8e74ae9b60eafa19a7b46ef624403508a54c526ffab06a14a26b3120d055e1104d7abe7c9017e83ced038ea5cf52f8d5e04
  languageName: node
  linkType: hard
