# This file is generated by running "yarn install" inside your project.
# Manual changes might be lost - proceed with caution!

__metadata:
  version: 10
  cacheKey: 10c0

"@types/node@npm:^20.10.0":
  version: 20.19.41
  resolution: "@types/node@npm:20.19.41"
  dependencies:
    undici-types: "npm:~6.21.0"
  checksum: 10c0/aa2a07317bbd700bea68d5784b403a738dbcebadbe2d8ef05649f7953065120d5d37f7edfdd7881df3a3bd15328c8a4dc46fdd69732ab540d552c505378c585b
  languageName: node
  linkType: hard

"nearbytes-crypto@link:../nearbytes-crypto::locator=nearbytes-skeleton%40workspace%3A.":
  version: 0.0.0-use.local
  resolution: "nearbytes-crypto@link:../nearbytes-crypto::locator=nearbytes-skeleton%40workspace%3A."
  languageName: node
  linkType: soft

"nearbytes-log@link:../nearbytes-log::locator=nearbytes-skeleton%40workspace%3A.":
  version: 0.0.0-use.local
  resolution: "nearbytes-log@link:../nearbytes-log::locator=nearbytes-skeleton%40workspace%3A."
  languageName: node
  linkType: soft

"nearbytes-skeleton@workspace:.":
  version: 0.0.0-use.local
  resolution: "nearbytes-skeleton@workspace:."
  dependencies:
    "@types/node": "npm:^20.10.0"
    nearbytes-crypto: "link:../nearbytes-crypto"
    nearbytes-log: "link:../nearbytes-log"
    nearbytes-sync: "link:../nearbytes-sync"
    typescript: "npm:^5.3.2"
  languageName: unknown
  linkType: soft

"nearbytes-sync@link:../nearbytes-sync::locator=nearbytes-skeleton%40workspace%3A.":
  version: 0.0.0-use.local
  resolution: "nearbytes-sync@link:../nearbytes-sync::locator=nearbytes-skeleton%40workspace%3A."
  languageName: node
  linkType: soft

"typescript@npm:^5.3.2":
  version: 5.9.3
  resolution: "typescript@npm:5.9.3"
  bin:
    tsc: bin/tsc
    tsserver: bin/tsserver
  checksum: 10c0/6bd7552ce39f97e711db5aa048f6f9995b53f1c52f7d8667c1abdc1700c68a76a308f579cd309ce6b53646deb4e9a1be7c813a93baaf0a28ccd536a30270e1c5
  languageName: node
  linkType: hard

"typescript@patch:typescript@npm%3A^5.3.2#optional!builtin<compat/typescript>":
  version: 5.9.3
  resolution: "typescript@patch:typescript@npm%3A5.9.3#optional!builtin<compat/typescript>::version=5.9.3&hash=5786d5"
  bin:
    tsc: bin/tsc
    tsserver: bin/tsserver
  checksum: 10c0/ad09fdf7a756814dce65bc60c1657b40d44451346858eea230e10f2e95a289d9183b6e32e5c11e95acc0ccc214b4f36289dcad4bf1886b0adb84d711d336a430
  languageName: node
  linkType: hard

"undici-types@npm:~6.21.0":
  version: 6.21.0
  resolution: "undici-types@npm:6.21.0"
  checksum: 10c0/c01ed51829b10aa72fc3ce64b747f8e74ae9b60eafa19a7b46ef624403508a54c526ffab06a14a26b3120d055e1104d7abe7c9017e83ced038ea5cf52f8d5e04
  languageName: node
  linkType: hard
